// !$*UTF8*$!
{
	archiveVersion = 1;
	classes = {
	};
	objectVersion = 51;
	objects = {

/* Begin PBXBuildFile section */
		0C3E96BF272AF3B800B96EAB /* PCutThumbnailView.swift in Sources */ = {isa = PBXBuildFile; fileRef = 0C3E96BE272AF3B800B96EAB /* PCutThumbnailView.swift */; };
		0C3E96C2272AF42400B96EAB /* PCutSegment.swift in Sources */ = {isa = PBXBuildFile; fileRef = 0C3E96C1272AF42400B96EAB /* PCutSegment.swift */; };
		0C3E96C7272B84C400B96EAB /* PCutCore.swift in Sources */ = {isa = PBXBuildFile; fileRef = 0C3E96C6272B84C400B96EAB /* PCutCore.swift */; };
		0C3E96CA272B896300B96EAB /* PCutTimeline.swift in Sources */ = {isa = PBXBuildFile; fileRef = 0C3E96C9272B896300B96EAB /* PCutTimeline.swift */; };
		0CD3788C2734C1B80089F0CD /* PCutTimelineIndicator.swift in Sources */ = {isa = PBXBuildFile; fileRef = 0CD3788B2734C1B80089F0CD /* PCutTimelineIndicator.swift */; };
		0CE3FE86272F840B000E61C0 /* PCutPlayer.swift in Sources */ = {isa = PBXBuildFile; fileRef = 0CE3FE85272F840B000E61C0 /* PCutPlayer.swift */; };
		0CE3FE8C2730F85E000E61C0 /* PCutVideoTrack.swift in Sources */ = {isa = PBXBuildFile; fileRef = 0CE3FE8B2730F85E000E61C0 /* PCutVideoTrack.swift */; };
		0CF6F4322721B0E7008034FC /* AppDelegate.swift in Sources */ = {isa = PBXBuildFile; fileRef = 0CF6F4312721B0E7008034FC /* AppDelegate.swift */; };
		0CF6F4342721B0E7008034FC /* SceneDelegate.swift in Sources */ = {isa = PBXBuildFile; fileRef = 0CF6F4332721B0E7008034FC /* SceneDelegate.swift */; };
		0CF6F4362721B0E7008034FC /* ViewController.swift in Sources */ = {isa = PBXBuildFile; fileRef = 0CF6F4352721B0E7008034FC /* ViewController.swift */; };
		0CF6F4392721B0E7008034FC /* Main.storyboard in Resources */ = {isa = PBXBuildFile; fileRef = 0CF6F4372721B0E7008034FC /* Main.storyboard */; };
		0CF6F43B2721B0EA008034FC /* Assets.xcassets in Resources */ = {isa = PBXBuildFile; fileRef = 0CF6F43A2721B0EA008034FC /* Assets.xcassets */; };
		0CF6F43E2721B0EA008034FC /* LaunchScreen.storyboard in Resources */ = {isa = PBXBuildFile; fileRef = 0CF6F43C2721B0EA008034FC /* LaunchScreen.storyboard */; };
		0CF6F44D2724FDB1008034FC /* PCutThumbnail.swift in Sources */ = {isa = PBXBuildFile; fileRef = 0CF6F44C2724FDB1008034FC /* PCutThumbnail.swift */; };
		0CF6F44F2724FFD3008034FC /* PCutThumbnailManager.swift in Sources */ = {isa = PBXBuildFile; fileRef = 0CF6F44E2724FFD3008034FC /* PCutThumbnailManager.swift */; };
		2B17ED7F2736BFB3002A57D4 /* PCutPlayerControlView.swift in Sources */ = {isa = PBXBuildFile; fileRef = 2B17ED7E2736BFB3002A57D4 /* PCutPlayerControlView.swift */; };
		2B17ED8527377317002A57D4 /* PCutImportVideoView.swift in Sources */ = {isa = PBXBuildFile; fileRef = 2B17ED8427377317002A57D4 /* PCutImportVideoView.swift */; };
		A60BC0432741F4A200D479DA /* PCutTextLayer.swift in Sources */ = {isa = PBXBuildFile; fileRef = A60BC0422741F4A200D479DA /* PCutTextLayer.swift */; };
		A64E5BDA273C09C800E98BD4 /* PCutPreview.swift in Sources */ = {isa = PBXBuildFile; fileRef = A64E5BD9273C09C800E98BD4 /* PCutPreview.swift */; };
		A6CA70052739680200E590E3 /* PCutTimelineImportVideoButton.swift in Sources */ = {isa = PBXBuildFile; fileRef = A6CA70042739680200E590E3 /* PCutTimelineImportVideoButton.swift */; };
		A6D85F79273D64950011EE20 /* PCutToast.swift in Sources */ = {isa = PBXBuildFile; fileRef = A6D85F78273D64950011EE20 /* PCutToast.swift */; };
		F57624A9E9E1ED1268491EF3 /* Pods_PCut.framework in Frameworks */ = {isa = PBXBuildFile; fileRef = E7D5F349F535D9D4A98870D0 /* Pods_PCut.framework */; };
/* End PBXBuildFile section */

/* Begin PBXFileReference section */
		0C3E96BE272AF3B800B96EAB /* PCutThumbnailView.swift */ = {isa = PBXFileReference; lastKnownFileType = sourcecode.swift; path = PCutThumbnailView.swift; sourceTree = "<group>"; };
		0C3E96C1272AF42400B96EAB /* PCutSegment.swift */ = {isa = PBXFileReference; lastKnownFileType = sourcecode.swift; path = PCutSegment.swift; sourceTree = "<group>"; };
		0C3E96C6272B84C400B96EAB /* PCutCore.swift */ = {isa = PBXFileReference; lastKnownFileType = sourcecode.swift; path = PCutCore.swift; sourceTree = "<group>"; };
		0C3E96C9272B896300B96EAB /* PCutTimeline.swift */ = {isa = PBXFileReference; lastKnownFileType = sourcecode.swift; path = PCutTimeline.swift; sourceTree = "<group>"; };
		0CD3788B2734C1B80089F0CD /* PCutTimelineIndicator.swift */ = {isa = PBXFileReference; lastKnownFileType = sourcecode.swift; path = PCutTimelineIndicator.swift; sourceTree = "<group>"; };
		0CE3FE85272F840B000E61C0 /* PCutPlayer.swift */ = {isa = PBXFileReference; lastKnownFileType = sourcecode.swift; path = PCutPlayer.swift; sourceTree = "<group>"; };
		0CE3FE8B2730F85E000E61C0 /* PCutVideoTrack.swift */ = {isa = PBXFileReference; lastKnownFileType = sourcecode.swift; path = PCutVideoTrack.swift; sourceTree = "<group>"; };
		0CF6F42E2721B0E7008034FC /* PCut.app */ = {isa = PBXFileReference; explicitFileType = wrapper.application; includeInIndex = 0; path = PCut.app; sourceTree = BUILT_PRODUCTS_DIR; };
		0CF6F4312721B0E7008034FC /* AppDelegate.swift */ = {isa = PBXFileReference; lastKnownFileType = sourcecode.swift; path = AppDelegate.swift; sourceTree = "<group>"; };
		0CF6F4332721B0E7008034FC /* SceneDelegate.swift */ = {isa = PBXFileReference; lastKnownFileType = sourcecode.swift; path = SceneDelegate.swift; sourceTree = "<group>"; };
		0CF6F4352721B0E7008034FC /* ViewController.swift */ = {isa = PBXFileReference; lastKnownFileType = sourcecode.swift; path = ViewController.swift; sourceTree = "<group>"; };
		0CF6F4382721B0E7008034FC /* Base */ = {isa = PBXFileReference; lastKnownFileType = file.storyboard; name = Base; path = Base.lproj/Main.storyboard; sourceTree = "<group>"; };
		0CF6F43A2721B0EA008034FC /* Assets.xcassets */ = {isa = PBXFileReference; lastKnownFileType = folder.assetcatalog; path = Assets.xcassets; sourceTree = "<group>"; };
		0CF6F43D2721B0EA008034FC /* Base */ = {isa = PBXFileReference; lastKnownFileType = file.storyboard; name = Base; path = Base.lproj/LaunchScreen.storyboard; sourceTree = "<group>"; };
		0CF6F43F2721B0EA008034FC /* Info.plist */ = {isa = PBXFileReference; lastKnownFileType = text.plist.xml; path = Info.plist; sourceTree = "<group>"; };
		0CF6F44C2724FDB1008034FC /* PCutThumbnail.swift */ = {isa = PBXFileReference; lastKnownFileType = sourcecode.swift; path = PCutThumbnail.swift; sourceTree = "<group>"; };
		0CF6F44E2724FFD3008034FC /* PCutThumbnailManager.swift */ = {isa = PBXFileReference; lastKnownFileType = sourcecode.swift; path = PCutThumbnailManager.swift; sourceTree = "<group>"; };
		2B17ED7E2736BFB3002A57D4 /* PCutPlayerControlView.swift */ = {isa = PBXFileReference; lastKnownFileType = sourcecode.swift; path = PCutPlayerControlView.swift; sourceTree = "<group>"; };
		2B17ED8427377317002A57D4 /* PCutImportVideoView.swift */ = {isa = PBXFileReference; lastKnownFileType = sourcecode.swift; path = PCutImportVideoView.swift; sourceTree = "<group>"; };
		3F7F41CAB22DABB6678E825D /* Pods-PCut.debug.xcconfig */ = {isa = PBXFileReference; includeInIndex = 1; lastKnownFileType = text.xcconfig; name = "Pods-PCut.debug.xcconfig"; path = "Target Support Files/Pods-PCut/Pods-PCut.debug.xcconfig"; sourceTree = "<group>"; };
		7F326448B9C3BDF22061512F /* Pods-PCut.release.xcconfig */ = {isa = PBXFileReference; includeInIndex = 1; lastKnownFileType = text.xcconfig; name = "Pods-PCut.release.xcconfig"; path = "Target Support Files/Pods-PCut/Pods-PCut.release.xcconfig"; sourceTree = "<group>"; };
		A60BC0422741F4A200D479DA /* PCutTextLayer.swift */ = {isa = PBXFileReference; lastKnownFileType = sourcecode.swift; path = PCutTextLayer.swift; sourceTree = "<group>"; };
		A64E5BD9273C09C800E98BD4 /* PCutPreview.swift */ = {isa = PBXFileReference; lastKnownFileType = sourcecode.swift; path = PCutPreview.swift; sourceTree = "<group>"; };
		A6CA70042739680200E590E3 /* PCutTimelineImportVideoButton.swift */ = {isa = PBXFileReference; lastKnownFileType = sourcecode.swift; path = PCutTimelineImportVideoButton.swift; sourceTree = "<group>"; };
		A6D85F78273D64950011EE20 /* PCutToast.swift */ = {isa = PBXFileReference; lastKnownFileType = sourcecode.swift; path = PCutToast.swift; sourceTree = "<group>"; };
		E7D5F349F535D9D4A98870D0 /* Pods_PCut.framework */ = {isa = PBXFileReference; explicitFileType = wrapper.framework; includeInIndex = 0; path = Pods_PCut.framework; sourceTree = BUILT_PRODUCTS_DIR; };
/* End PBXFileReference section */

/* Begin PBXFrameworksBuildPhase section */
		0CF6F42B2721B0E7008034FC /* Frameworks */ = {
			isa = PBXFrameworksBuildPhase;
			buildActionMask = 2147483647;
			files = (
				F57624A9E9E1ED1268491EF3 /* Pods_PCut.framework in Frameworks */,
			);
			runOnlyForDeploymentPostprocessing = 0;
		};
/* End PBXFrameworksBuildPhase section */

/* Begin PBXGroup section */
		0C3E96C0272AF40100B96EAB /* Views */ = {
			isa = PBXGroup;
			children = (
				A60BC0412741F48100D479DA /* Preview */,
				A60BC0402741F2F000D479DA /* Text */,
				2B17ED83273772FB002A57D4 /* Tips */,
				2B17ED7D2736BFA2002A57D4 /* PlayerControl */,
				0CE3FE89272F8497000E61C0 /* Thumbnail */,
				0CE3FE87272F845B000E61C0 /* Timeline */,
				0CE3FE84272F8403000E61C0 /* Player */,
			);
			path = Views;
			sourceTree = "<group>";
		};
		0C3E96C3272AF59A00B96EAB /* Thumbnail */ = {
			isa = PBXGroup;
			children = (
				0CF6F44C2724FDB1008034FC /* PCutThumbnail.swift */,
				0CF6F44E2724FFD3008034FC /* PCutThumbnailManager.swift */,
			);
			path = Thumbnail;
			sourceTree = "<group>";
		};
		0C3E96C4272AF5A700B96EAB /* Segment */ = {
			isa = PBXGroup;
			children = (
				0C3E96C1272AF42400B96EAB /* PCutSegment.swift */,
			);
			path = Segment;
			sourceTree = "<group>";
		};
		0C3E96C5272B847D00B96EAB /* Core */ = {
			isa = PBXGroup;
			children = (
				0C3E96C6272B84C400B96EAB /* PCutCore.swift */,
			);
			path = Core;
			sourceTree = "<group>";
		};
		0C3E96C8272B895700B96EAB /* Timeline */ = {
			isa = PBXGroup;
			children = (
				0C3E96C9272B896300B96EAB /* PCutTimeline.swift */,
			);
			path = Timeline;
			sourceTree = "<group>";
		};
		0CE3FE84272F8403000E61C0 /* Player */ = {
			isa = PBXGroup;
			children = (
				0CE3FE85272F840B000E61C0 /* PCutPlayer.swift */,
			);
			path = Player;
			sourceTree = "<group>";
		};
		0CE3FE87272F845B000E61C0 /* Timeline */ = {
			isa = PBXGroup;
			children = (
				0CD3788B2734C1B80089F0CD /* PCutTimelineIndicator.swift */,
			);
			path = Timeline;
			sourceTree = "<group>";
		};
		0CE3FE89272F8497000E61C0 /* Thumbnail */ = {
			isa = PBXGroup;
			children = (
				0C3E96BE272AF3B800B96EAB /* PCutThumbnailView.swift */,
			);
			path = Thumbnail;
			sourceTree = "<group>";
		};
		0CE3FE8A2730F844000E61C0 /* Track */ = {
			isa = PBXGroup;
			children = (
				0CE3FE8B2730F85E000E61C0 /* PCutVideoTrack.swift */,
			);
			path = Track;
			sourceTree = "<group>";
		};
		0CF6F4252721B0E7008034FC = {
			isa = PBXGroup;
			children = (
				0CF6F4302721B0E7008034FC /* PCut */,
				0CF6F42F2721B0E7008034FC /* Products */,
				9C95A89F4E7A795D9B31A39A /* Pods */,
				5351F898CD3CA167A78682CB /* Frameworks */,
			);
			sourceTree = "<group>";
		};
		0CF6F42F2721B0E7008034FC /* Products */ = {
			isa = PBXGroup;
			children = (
				0CF6F42E2721B0E7008034FC /* PCut.app */,
			);
			name = Products;
			sourceTree = "<group>";
		};
		0CF6F4302721B0E7008034FC /* PCut */ = {
			isa = PBXGroup;
			children = (
				0CF6F4312721B0E7008034FC /* AppDelegate.swift */,
				0CF6F4332721B0E7008034FC /* SceneDelegate.swift */,
				0CF6F4352721B0E7008034FC /* ViewController.swift */,
				2B17ED802736CFA1002A57D4 /* Tool */,
				0C3E96C0272AF40100B96EAB /* Views */,
				0CF6F44B2724FD79008034FC /* Models */,
				0CF6F4372721B0E7008034FC /* Main.storyboard */,
				0CF6F43A2721B0EA008034FC /* Assets.xcassets */,
				0CF6F43C2721B0EA008034FC /* LaunchScreen.storyboard */,
				0CF6F43F2721B0EA008034FC /* Info.plist */,
			);
			path = PCut;
			sourceTree = "<group>";
		};
		0CF6F44B2724FD79008034FC /* Models */ = {
			isa = PBXGroup;
			children = (
				0CE3FE8A2730F844000E61C0 /* Track */,
				0C3E96C8272B895700B96EAB /* Timeline */,
				0C3E96C5272B847D00B96EAB /* Core */,
				0C3E96C4272AF5A700B96EAB /* Segment */,
				0C3E96C3272AF59A00B96EAB /* Thumbnail */,
			);
			path = Models;
			sourceTree = "<group>";
		};
		2B17ED7D2736BFA2002A57D4 /* PlayerControl */ = {
			isa = PBXGroup;
			children = (
				2B17ED7E2736BFB3002A57D4 /* PCutPlayerControlView.swift */,
			);
			path = PlayerControl;
			sourceTree = "<group>";
		};
		2B17ED802736CFA1002A57D4 /* Tool */ = {
			isa = PBXGroup;
			children = (
				A6D85F78273D64950011EE20 /* PCutToast.swift */,
			);
			path = Tool;
			sourceTree = "<group>";
		};
		2B17ED83273772FB002A57D4 /* Tips */ = {
			isa = PBXGroup;
			children = (
				2B17ED8427377317002A57D4 /* PCutImportVideoView.swift */,
				A6CA70042739680200E590E3 /* PCutTimelineImportVideoButton.swift */,
			);
			path = Tips;
			sourceTree = "<group>";
		};
		5351F898CD3CA167A78682CB /* Frameworks */ = {
			isa = PBXGroup;
			children = (
				E7D5F349F535D9D4A98870D0 /* Pods_PCut.framework */,
			);
			name = Frameworks;
			sourceTree = "<group>";
		};
		9C95A89F4E7A795D9B31A39A /* Pods */ = {
			isa = PBXGroup;
			children = (
				3F7F41CAB22DABB6678E825D /* Pods-PCut.debug.xcconfig */,
				7F326448B9C3BDF22061512F /* Pods-PCut.release.xcconfig */,
			);
			path = Pods;
			sourceTree = "<group>";
		};
		A60BC0402741F2F000D479DA /* Text */ = {
			isa = PBXGroup;
			children = (
				A60BC0422741F4A200D479DA /* PCutTextLayer.swift */,
			);
			path = Text;
			sourceTree = "<group>";
		};
		A60BC0412741F48100D479DA /* Preview */ = {
			isa = PBXGroup;
			children = (
				A64E5BD9273C09C800E98BD4 /* PCutPreview.swift */,
			);
			path = Preview;
			sourceTree = "<group>";
		};
/* End PBXGroup section */

/* Begin PBXNativeTarget section */
		0CF6F42D2721B0E7008034FC /* PCut */ = {
			isa = PBXNativeTarget;
			buildConfigurationList = 0CF6F4422721B0EA008034FC /* Build configuration list for PBXNativeTarget "PCut" */;
			buildPhases = (
				8902135F3500802F2D277420 /* [CP] Check Pods Manifest.lock */,
				0CF6F42A2721B0E7008034FC /* Sources */,
				0CF6F42B2721B0E7008034FC /* Frameworks */,
				0CF6F42C2721B0E7008034FC /* Resources */,
				45D7DFCAF22D80B77BCAFAB9 /* [CP] Embed Pods Frameworks */,
			);
			buildRules = (
			);
			dependencies = (
			);
			name = PCut;
			productName = PCut;
			productReference = 0CF6F42E2721B0E7008034FC /* PCut.app */;
			productType = "com.apple.product-type.application";
		};
/* End PBXNativeTarget section */

/* Begin PBXProject section */
		0CF6F4262721B0E7008034FC /* Project object */ = {
			isa = PBXProject;
			attributes = {
				LastSwiftUpdateCheck = 1250;
				LastUpgradeCheck = 1250;
				TargetAttributes = {
					0CF6F42D2721B0E7008034FC = {
						CreatedOnToolsVersion = 12.5.1;
					};
				};
			};
			buildConfigurationList = 0CF6F4292721B0E7008034FC /* Build configuration list for PBXProject "PCut" */;
			compatibilityVersion = "Xcode 9.3";
			developmentRegion = en;
			hasScannedForEncodings = 0;
			knownRegions = (
				en,
				Base,
			);
			mainGroup = 0CF6F4252721B0E7008034FC;
			productRefGroup = 0CF6F42F2721B0E7008034FC /* Products */;
			projectDirPath = "";
			projectRoot = "";
			targets = (
				0CF6F42D2721B0E7008034FC /* PCut */,
			);
		};
/* End PBXProject section */

/* Begin PBXResourcesBuildPhase section */
		0CF6F42C2721B0E7008034FC /* Resources */ = {
			isa = PBXResourcesBuildPhase;
			buildActionMask = 2147483647;
			files = (
				0CF6F43E2721B0EA008034FC /* LaunchScreen.storyboard in Resources */,
				0CF6F43B2721B0EA008034FC /* Assets.xcassets in Resources */,
				0CF6F4392721B0E7008034FC /* Main.storyboard in Resources */,
			);
			runOnlyForDeploymentPostprocessing = 0;
		};
/* End PBXResourcesBuildPhase section */

/* Begin PBXShellScriptBuildPhase section */
		45D7DFCAF22D80B77BCAFAB9 /* [CP] Embed Pods Frameworks */ = {
			isa = PBXShellScriptBuildPhase;
			buildActionMask = 2147483647;
			files = (
			);
			inputFileListPaths = (
				"${PODS_ROOT}/Target Support Files/Pods-PCut/Pods-PCut-frameworks-${CONFIGURATION}-input-files.xcfilelist",
			);
			name = "[CP] Embed Pods Frameworks";
			outputFileListPaths = (
				"${PODS_ROOT}/Target Support Files/Pods-PCut/Pods-PCut-frameworks-${CONFIGURATION}-output-files.xcfilelist",
			);
			runOnlyForDeploymentPostprocessing = 0;
			shellPath = /bin/sh;
			shellScript = "\"${PODS_ROOT}/Target Support Files/Pods-PCut/Pods-PCut-frameworks.sh\"\n";
			showEnvVarsInLog = 0;
		};
		8902135F3500802F2D277420 /* [CP] Check Pods Manifest.lock */ = {
			isa = PBXShellScriptBuildPhase;
			buildActionMask = 2147483647;
			files = (
			);
			inputFileListPaths = (
			);
			inputPaths = (
				"${PODS_PODFILE_DIR_PATH}/Podfile.lock",
				"${PODS_ROOT}/Manifest.lock",
			);
			name = "[CP] Check Pods Manifest.lock";
			outputFileListPaths = (
			);
			outputPaths = (
				"$(DERIVED_FILE_DIR)/Pods-PCut-checkManifestLockResult.txt",
			);
			runOnlyForDeploymentPostprocessing = 0;
			shellPath = /bin/sh;
			shellScript = "diff \"${PODS_PODFILE_DIR_PATH}/Podfile.lock\" \"${PODS_ROOT}/Manifest.lock\" > /dev/null\nif [ $? != 0 ] ; then\n    # print error to STDERR\n    echo \"error: The sandbox is not in sync with the Podfile.lock. Run 'pod install' or update your CocoaPods installation.\" >&2\n    exit 1\nfi\n# This output is used by Xcode 'outputs' to avoid re-running this script phase.\necho \"SUCCESS\" > \"${SCRIPT_OUTPUT_FILE_0}\"\n";
			showEnvVarsInLog = 0;
		};
/* End PBXShellScriptBuildPhase section */

/* Begin PBXSourcesBuildPhase section */
		0CF6F42A2721B0E7008034FC /* Sources */ = {
			isa = PBXSourcesBuildPhase;
			buildActionMask = 2147483647;
			files = (
				0CF6F44F2724FFD3008034FC /* PCutThumbnailManager.swift in Sources */,
				0CF6F4362721B0E7008034FC /* ViewController.swift in Sources */,
				0CD3788C2734C1B80089F0CD /* PCutTimelineIndicator.swift in Sources */,
				0C3E96CA272B896300B96EAB /* PCutTimeline.swift in Sources */,
				0CF6F4322721B0E7008034FC /* AppDelegate.swift in Sources */,
				0CE3FE86272F840B000E61C0 /* PCutPlayer.swift in Sources */,
				A60BC0432741F4A200D479DA /* PCutTextLayer.swift in Sources */,
				0C3E96BF272AF3B800B96EAB /* PCutThumbnailView.swift in Sources */,
				2B17ED8527377317002A57D4 /* PCutImportVideoView.swift in Sources */,
				A6CA70052739680200E590E3 /* PCutTimelineImportVideoButton.swift in Sources */,
				0CE3FE8C2730F85E000E61C0 /* PCutVideoTrack.swift in Sources */,
				0CF6F44D2724FDB1008034FC /* PCutThumbnail.swift in Sources */,
				0C3E96C2272AF42400B96EAB /* PCutSegment.swift in Sources */,
				A64E5BDA273C09C800E98BD4 /* PCutPreview.swift in Sources */,
				0C3E96C7272B84C400B96EAB /* PCutCore.swift in Sources */,
				A6D85F79273D64950011EE20 /* PCutToast.swift in Sources */,
				0CF6F4342721B0E7008034FC /* SceneDelegate.swift in Sources */,
				2B17ED7F2736BFB3002A57D4 /* PCutPlayerControlView.swift in Sources */,
			);
			runOnlyForDeploymentPostprocessing = 0;
		};
/* End PBXSourcesBuildPhase section */

/* Begin PBXVariantGroup section */
		0CF6F4372721B0E7008034FC /* Main.storyboard */ = {
			isa = PBXVariantGroup;
			children = (
				0CF6F4382721B0E7008034FC /* Base */,
			);
			name = Main.storyboard;
			sourceTree = "<group>";
		};
		0CF6F43C2721B0EA008034FC /* LaunchScreen.storyboard */ = {
			isa = PBXVariantGroup;
			children = (
				0CF6F43D2721B0EA008034FC /* Base */,
			);
			name = LaunchScreen.storyboard;
			sourceTree = "<group>";
		};
/* End PBXVariantGroup section */

/* Begin XCBuildConfiguration section */
		0CF6F4402721B0EA008034FC /* Debug */ = {
			isa = XCBuildConfiguration;
			buildSettings = {
				ALWAYS_SEARCH_USER_PATHS = NO;
				CLANG_ANALYZER_NONNULL = YES;
				CLANG_ANALYZER_NUMBER_OBJECT_CONVERSION = YES_AGGRESSIVE;
				CLANG_CXX_LANGUAGE_STANDARD = "gnu++14";
				CLANG_CXX_LIBRARY = "libc++";
				CLANG_ENABLE_MODULES = YES;
				CLANG_ENABLE_OBJC_ARC = YES;
				CLANG_ENABLE_OBJC_WEAK = YES;
				CLANG_WARN_BLOCK_CAPTURE_AUTORELEASING = YES;
				CLANG_WARN_BOOL_CONVERSION = YES;
				CLANG_WARN_COMMA = YES;
				CLANG_WARN_CONSTANT_CONVERSION = YES;
				CLANG_WARN_DEPRECATED_OBJC_IMPLEMENTATIONS = YES;
				CLANG_WARN_DIRECT_OBJC_ISA_USAGE = YES_ERROR;
				CLANG_WARN_DOCUMENTATION_COMMENTS = YES;
				CLANG_WARN_EMPTY_BODY = YES;
				CLANG_WARN_ENUM_CONVERSION = YES;
				CLANG_WARN_INFINITE_RECURSION = YES;
				CLANG_WARN_INT_CONVERSION = YES;
				CLANG_WARN_NON_LITERAL_NULL_CONVERSION = YES;
				CLANG_WARN_OBJC_IMPLICIT_RETAIN_SELF = YES;
				CLANG_WARN_OBJC_LITERAL_CONVERSION = YES;
				CLANG_WARN_OBJC_ROOT_CLASS = YES_ERROR;
				CLANG_WARN_QUOTED_INCLUDE_IN_FRAMEWORK_HEADER = YES;
				CLANG_WARN_RANGE_LOOP_ANALYSIS = YES;
				CLANG_WARN_STRICT_PROTOTYPES = YES;
				CLANG_WARN_SUSPICIOUS_MOVE = YES;
				CLANG_WARN_UNGUARDED_AVAILABILITY = YES_AGGRESSIVE;
				CLANG_WARN_UNREACHABLE_CODE = YES;
				CLANG_WARN__DUPLICATE_METHOD_MATCH = YES;
				COPY_PHASE_STRIP = NO;
				DEBUG_INFORMATION_FORMAT = dwarf;
				ENABLE_STRICT_OBJC_MSGSEND = YES;
				ENABLE_TESTABILITY = YES;
				GCC_C_LANGUAGE_STANDARD = gnu11;
				GCC_DYNAMIC_NO_PIC = NO;
				GCC_NO_COMMON_BLOCKS = YES;
				GCC_OPTIMIZATION_LEVEL = 0;
				GCC_PREPROCESSOR_DEFINITIONS = (
					"DEBUG=1",
					"$(inherited)",
				);
				GCC_WARN_64_TO_32_BIT_CONVERSION = YES;
				GCC_WARN_ABOUT_RETURN_TYPE = YES_ERROR;
				GCC_WARN_UNDECLARED_SELECTOR = YES;
				GCC_WARN_UNINITIALIZED_AUTOS = YES_AGGRESSIVE;
				GCC_WARN_UNUSED_FUNCTION = YES;
				GCC_WARN_UNUSED_VARIABLE = YES;
				IPHONEOS_DEPLOYMENT_TARGET = 14.5;
				MTL_ENABLE_DEBUG_INFO = INCLUDE_SOURCE;
				MTL_FAST_MATH = YES;
				ONLY_ACTIVE_ARCH = YES;
				SDKROOT = iphoneos;
				SWIFT_ACTIVE_COMPILATION_CONDITIONS = DEBUG;
				SWIFT_OPTIMIZATION_LEVEL = "-Onone";
			};
			name = Debug;
		};
		0CF6F4412721B0EA008034FC /* Release */ = {
			isa = XCBuildConfiguration;
			buildSettings = {
				ALWAYS_SEARCH_USER_PATHS = NO;
				CLANG_ANALYZER_NONNULL = YES;
				CLANG_ANALYZER_NUMBER_OBJECT_CONVERSION = YES_AGGRESSIVE;
				CLANG_CXX_LANGUAGE_STANDARD = "gnu++14";
				CLANG_CXX_LIBRARY = "libc++";
				CLANG_ENABLE_MODULES = YES;
				CLANG_ENABLE_OBJC_ARC = YES;
				CLANG_ENABLE_OBJC_WEAK = YES;
				CLANG_WARN_BLOCK_CAPTURE_AUTORELEASING = YES;
				CLANG_WARN_BOOL_CONVERSION = YES;
				CLANG_WARN_COMMA = YES;
				CLANG_WARN_CONSTANT_CONVERSION = YES;
				CLANG_WARN_DEPRECATED_OBJC_IMPLEMENTATIONS = YES;
				CLANG_WARN_DIRECT_OBJC_ISA_USAGE = YES_ERROR;
				CLANG_WARN_DOCUMENTATION_COMMENTS = YES;
				CLANG_WARN_EMPTY_BODY = YES;
				CLANG_WARN_ENUM_CONVERSION = YES;
				CLANG_WARN_INFINITE_RECURSION = YES;
				CLANG_WARN_INT_CONVERSION = YES;
				CLANG_WARN_NON_LITERAL_NULL_CONVERSION = YES;
				CLANG_WARN_OBJC_IMPLICIT_RETAIN_SELF = YES;
				CLANG_WARN_OBJC_LITERAL_CONVERSION = YES;
				CLANG_WARN_OBJC_ROOT_CLASS = YES_ERROR;
				CLANG_WARN_QUOTED_INCLUDE_IN_FRAMEWORK_HEADER = YES;
				CLANG_WARN_RANGE_LOOP_ANALYSIS = YES;
				CLANG_WARN_STRICT_PROTOTYPES = YES;
				CLANG_WARN_SUSPICIOUS_MOVE = YES;
				CLANG_WARN_UNGUARDED_AVAILABILITY = YES_AGGRESSIVE;
				CLANG_WARN_UNREACHABLE_CODE = YES;
				CLANG_WARN__DUPLICATE_METHOD_MATCH = YES;
				COPY_PHASE_STRIP = NO;
				DEBUG_INFORMATION_FORMAT = "dwarf-with-dsym";
				ENABLE_NS_ASSERTIONS = NO;
				ENABLE_STRICT_OBJC_MSGSEND = YES;
				GCC_C_LANGUAGE_STANDARD = gnu11;
				GCC_NO_COMMON_BLOCKS = YES;
				GCC_WARN_64_TO_32_BIT_CONVERSION = YES;
				GCC_WARN_ABOUT_RETURN_TYPE = YES_ERROR;
				GCC_WARN_UNDECLARED_SELECTOR = YES;
				GCC_WARN_UNINITIALIZED_AUTOS = YES_AGGRESSIVE;
				GCC_WARN_UNUSED_FUNCTION = YES;
				GCC_WARN_UNUSED_VARIABLE = YES;
				IPHONEOS_DEPLOYMENT_TARGET = 14.5;
				MTL_ENABLE_DEBUG_INFO = NO;
				MTL_FAST_MATH = YES;
				SDKROOT = iphoneos;
				SWIFT_COMPILATION_MODE = wholemodule;
				SWIFT_OPTIMIZATION_LEVEL = "-O";
				VALIDATE_PRODUCT = YES;
			};
			name = Release;
		};
		0CF6F4432721B0EA008034FC /* Debug */ = {
			isa = XCBuildConfiguration;
			baseConfigurationReference = 3F7F41CAB22DABB6678E825D /* Pods-PCut.debug.xcconfig */;
			buildSettings = {
				ASSETCATALOG_COMPILER_APPICON_NAME = AppIcon;
				ASSETCATALOG_COMPILER_GLOBAL_ACCENT_COLOR_NAME = AccentColor;
				CODE_SIGN_STYLE = Automatic;
				DEVELOPMENT_TEAM = U6J5965DZK;
				INFOPLIST_FILE = PCut/Info.plist;
				LD_RUNPATH_SEARCH_PATHS = (
					"$(inherited)",
					"@executable_path/Frameworks",
				);
				PRODUCT_BUNDLE_IDENTIFIER = com.pjhubs.app.PCut;
				PRODUCT_NAME = "$(TARGET_NAME)";
				SWIFT_VERSION = 5.0;
				TARGETED_DEVICE_FAMILY = "1,2";
			};
			name = Debug;
		};
		0CF6F4442721B0EA008034FC /* Release */ = {
			isa = XCBuildConfiguration;
			baseConfigurationReference = 7F326448B9C3BDF22061512F /* Pods-PCut.release.xcconfig */;
			buildSettings = {
				ASSETCATALOG_COMPILER_APPICON_NAME = AppIcon;
				ASSETCATALOG_COMPILER_GLOBAL_ACCENT_COLOR_NAME = AccentColor;
				CODE_SIGN_STYLE = Automatic;
				DEVELOPMENT_TEAM = U6J5965DZK;
				INFOPLIST_FILE = PCut/Info.plist;
				LD_RUNPATH_SEARCH_PATHS = (
					"$(inherited)",
					"@executable_path/Frameworks",
				);
				PRODUCT_BUNDLE_IDENTIFIER = com.pjhubs.app.PCut;
				PRODUCT_NAME = "$(TARGET_NAME)";
				SWIFT_VERSION = 5.0;
				TARGETED_DEVICE_FAMILY = "1,2";
			};
			name = Release;
		};
/* End XCBuildConfiguration section */

/* Begin XCConfigurationList section */
		0CF6F4292721B0E7008034FC /* Build configuration list for PBXProject "PCut" */ = {
			isa = XCConfigurationList;
			buildConfigurations = (
				0CF6F4402721B0EA008034FC /* Debug */,
				0CF6F4412721B0EA008034FC /* Release */,
			);
			defaultConfigurationIsVisible = 0;
			defaultConfigurationName = Release;
		};
		0CF6F4422721B0EA008034FC /* Build configuration list for PBXNativeTarget "PCut" */ = {
			isa = XCConfigurationList;
			buildConfigurations = (
				0CF6F4432721B0EA008034FC /* Debug */,
				0CF6F4442721B0EA008034FC /* Release */,
			);
			defaultConfigurationIsVisible = 0;
			defaultConfigurationName = Release;
		};
/* End XCConfigurationList section */
	};
	rootObject = 0CF6F4262721B0E7008034FC /* Project object */;
}
